{
  "originHash" : "6f1b38c4a0f137f646b5b9d82ecd93c83c783f3a55f17d5bbe02f1f00977be3e",
  "pins" : [
    {
      "identity" : "swiftlintplugin",
      "kind" : "remoteSourceControl",
      "location" : "https://github.com/GayleDunham/SwiftLintPlugin.git",
      "state" : {
        "revision" : "50e621831530bb02e31a748a70b12052979eacfd",
        "version" : "1.0.3"
      }
    }
  ],
  "version" : 3
}
