// !$*UTF8*$!
{
	archiveVersion = 1;
	classes = {
	};
	objectVersion = 56;
	objects = {

/* Begin PBXBuildFile section */
		55A12B982C2DAAE200C01A6E /* .swiftlint.yml in Resources */ = {isa = PBXBuildFile; fileRef = 55A12B972C2DAAE200C01A6E /* .swiftlint.yml */; };
		55AB4CC42C1697B100BCD34A /* TechBlogNotificationsApp.swift in Sources */ = {isa = PBXBuildFile; fileRef = 55AB4CC32C1697B100BCD34A /* TechBlogNotificationsApp.swift */; };
		55AB4CC82C1697B200BCD34A /* Assets.xcassets in Resources */ = {isa = PBXBuildFile; fileRef = 55AB4CC72C1697B200BCD34A /* Assets.xcassets */; };
		55AB4CCC2C1697B200BCD34A /* Preview Assets.xcassets in Resources */ = {isa = PBXBuildFile; fileRef = 55AB4CCB2C1697B200BCD34A /* Preview Assets.xcassets */; };
		55AB4CE42C16980300BCD34A /* PostManager.swift in Sources */ = {isa = PBXBuildFile; fileRef = 55AB4CD22C16980200BCD34A /* PostManager.swift */; };
		55AB4CE52C16980300BCD34A /* Constants.swift in Sources */ = {isa = PBXBuildFile; fileRef = 55AB4CD42C16980200BCD34A /* Constants.swift */; };
		55AB4CE62C16980300BCD34A /* MockData.swift in Sources */ = {isa = PBXBuildFile; fileRef = 55AB4CD52C16980200BCD34A /* MockData.swift */; };
		55AB4CE72C16980300BCD34A /* BookmarkView.swift in Sources */ = {isa = PBXBuildFile; fileRef = 55AB4CD72C16980300BCD34A /* BookmarkView.swift */; };
		55AB4CE82C16980300BCD34A /* MainView.swift in Sources */ = {isa = PBXBuildFile; fileRef = 55AB4CD82C16980300BCD34A /* MainView.swift */; };
		55AB4CE92C16980300BCD34A /* PostRowView.swift in Sources */ = {isa = PBXBuildFile; fileRef = 55AB4CD92C16980300BCD34A /* PostRowView.swift */; };
		55AB4CEA2C16980300BCD34A /* SettingView.swift in Sources */ = {isa = PBXBuildFile; fileRef = 55AB4CDA2C16980300BCD34A /* SettingView.swift */; };
		55AB4CEB2C16980300BCD34A /* WebView.swift in Sources */ = {isa = PBXBuildFile; fileRef = 55AB4CDB2C16980300BCD34A /* WebView.swift */; };
		55AB4CEC2C16980300BCD34A /* Post.swift in Sources */ = {isa = PBXBuildFile; fileRef = 55AB4CDD2C16980300BCD34A /* Post.swift */; };
		55AB4CED2C16980300BCD34A /* Assets.xcassets in Resources */ = {isa = PBXBuildFile; fileRef = 55AB4CDF2C16980300BCD34A /* Assets.xcassets */; };
		55AB4CEE2C16980300BCD34A /* Date+.swift in Sources */ = {isa = PBXBuildFile; fileRef = 55AB4CE02C16980300BCD34A /* Date+.swift */; };
		55AB4CEF2C16980300BCD34A /* Preview Assets.xcassets in Resources */ = {isa = PBXBuildFile; fileRef = 55AB4CE22C16980300BCD34A /* Preview Assets.xcassets */; };
/* End PBXBuildFile section */

/* Begin PBXFileReference section */
		55A12B972C2DAAE200C01A6E /* .swiftlint.yml */ = {isa = PBXFileReference; lastKnownFileType = text.yaml; path = .swiftlint.yml; sourceTree = "<group>"; };
		55AB4CC02C1697B100BCD34A /* TechBlogNotifications.app */ = {isa = PBXFileReference; explicitFileType = wrapper.application; includeInIndex = 0; path = TechBlogNotifications.app; sourceTree = BUILT_PRODUCTS_DIR; };
		55AB4CC32C1697B100BCD34A /* TechBlogNotificationsApp.swift */ = {isa = PBXFileReference; lastKnownFileType = sourcecode.swift; path = TechBlogNotificationsApp.swift; sourceTree = "<group>"; };
		55AB4CC72C1697B200BCD34A /* Assets.xcassets */ = {isa = PBXFileReference; lastKnownFileType = folder.assetcatalog; path = Assets.xcassets; sourceTree = "<group>"; };
		55AB4CC92C1697B200BCD34A /* TechBlogNotifications.entitlements */ = {isa = PBXFileReference; lastKnownFileType = text.plist.entitlements; path = TechBlogNotifications.entitlements; sourceTree = "<group>"; };
		55AB4CCB2C1697B200BCD34A /* Preview Assets.xcassets */ = {isa = PBXFileReference; lastKnownFileType = folder.assetcatalog; path = "Preview Assets.xcassets"; sourceTree = "<group>"; };
		55AB4CD22C16980200BCD34A /* PostManager.swift */ = {isa = PBXFileReference; fileEncoding = 4; lastKnownFileType = sourcecode.swift; path = PostManager.swift; sourceTree = "<group>"; };
		55AB4CD42C16980200BCD34A /* Constants.swift */ = {isa = PBXFileReference; fileEncoding = 4; lastKnownFileType = sourcecode.swift; path = Constants.swift; sourceTree = "<group>"; };
		55AB4CD52C16980200BCD34A /* MockData.swift */ = {isa = PBXFileReference; fileEncoding = 4; lastKnownFileType = sourcecode.swift; path = MockData.swift; sourceTree = "<group>"; };
		55AB4CD72C16980300BCD34A /* BookmarkView.swift */ = {isa = PBXFileReference; fileEncoding = 4; lastKnownFileType = sourcecode.swift; path = BookmarkView.swift; sourceTree = "<group>"; };
		55AB4CD82C16980300BCD34A /* MainView.swift */ = {isa = PBXFileReference; fileEncoding = 4; lastKnownFileType = sourcecode.swift; path = MainView.swift; sourceTree = "<group>"; };
		55AB4CD92C16980300BCD34A /* PostRowView.swift */ = {isa = PBXFileReference; fileEncoding = 4; lastKnownFileType = sourcecode.swift; path = PostRowView.swift; sourceTree = "<group>"; };
		55AB4CDA2C16980300BCD34A /* SettingView.swift */ = {isa = PBXFileReference; fileEncoding = 4; lastKnownFileType = sourcecode.swift; path = SettingView.swift; sourceTree = "<group>"; };
		55AB4CDB2C16980300BCD34A /* WebView.swift */ = {isa = PBXFileReference; fileEncoding = 4; lastKnownFileType = sourcecode.swift; path = WebView.swift; sourceTree = "<group>"; };
		55AB4CDD2C16980300BCD34A /* Post.swift */ = {isa = PBXFileReference; fileEncoding = 4; lastKnownFileType = sourcecode.swift; path = Post.swift; sourceTree = "<group>"; };
		55AB4CDF2C16980300BCD34A /* Assets.xcassets */ = {isa = PBXFileReference; lastKnownFileType = folder.assetcatalog; name = Assets.xcassets; path = TechBlogNotifications/Assets.xcassets; sourceTree = "<group>"; };
		55AB4CE02C16980300BCD34A /* Date+.swift */ = {isa = PBXFileReference; fileEncoding = 4; lastKnownFileType = sourcecode.swift; path = "Date+.swift"; sourceTree = "<group>"; };
		55AB4CE22C16980300BCD34A /* Preview Assets.xcassets */ = {isa = PBXFileReference; lastKnownFileType = folder.assetcatalog; path = "Preview Assets.xcassets"; sourceTree = "<group>"; };
/* End PBXFileReference section */

/* Begin PBXFrameworksBuildPhase section */
		55AB4CBD2C1697B100BCD34A /* Frameworks */ = {
			isa = PBXFrameworksBuildPhase;
			buildActionMask = 2147483647;
			files = (
			);
			runOnlyForDeploymentPostprocessing = 0;
		};
/* End PBXFrameworksBuildPhase section */

/* Begin PBXGroup section */
		55AB4CB72C1697B100BCD34A = {
			isa = PBXGroup;
			children = (
				55A12B972C2DAAE200C01A6E /* .swiftlint.yml */,
				55AB4CDF2C16980300BCD34A /* Assets.xcassets */,
				55AB4CE32C16980300BCD34A /* Preview Content */,
				55AB4CE12C16980300BCD34A /* Domain */,
				55AB4CDE2C16980300BCD34A /* Model */,
				55AB4CD32C16980200BCD34A /* Repository */,
				55AB4CD62C16980200BCD34A /* Utils */,
				55AB4CDC2C16980300BCD34A /* View */,
				55AB4CC22C1697B100BCD34A /* TechBlogNotifications */,
				55AB4CC12C1697B100BCD34A /* Products */,
			);
			sourceTree = "<group>";
		};
		55AB4CC12C1697B100BCD34A /* Products */ = {
			isa = PBXGroup;
			children = (
				55AB4CC02C1697B100BCD34A /* TechBlogNotifications.app */,
			);
			name = Products;
			sourceTree = "<group>";
		};
		55AB4CC22C1697B100BCD34A /* TechBlogNotifications */ = {
			isa = PBXGroup;
			children = (
				55AB4CC32C1697B100BCD34A /* TechBlogNotificationsApp.swift */,
				55AB4CC72C1697B200BCD34A /* Assets.xcassets */,
				55AB4CC92C1697B200BCD34A /* TechBlogNotifications.entitlements */,
				55AB4CCA2C1697B200BCD34A /* Preview Content */,
			);
			path = TechBlogNotifications;
			sourceTree = "<group>";
		};
		55AB4CCA2C1697B200BCD34A /* Preview Content */ = {
			isa = PBXGroup;
			children = (
				55AB4CCB2C1697B200BCD34A /* Preview Assets.xcassets */,
			);
			path = "Preview Content";
			sourceTree = "<group>";
		};
		55AB4CD32C16980200BCD34A /* Repository */ = {
			isa = PBXGroup;
			children = (
				55AB4CD22C16980200BCD34A /* PostManager.swift */,
			);
			name = Repository;
			path = TechBlogNotifications/Repository;
			sourceTree = "<group>";
		};
		55AB4CD62C16980200BCD34A /* Utils */ = {
			isa = PBXGroup;
			children = (
				55AB4CD42C16980200BCD34A /* Constants.swift */,
				55AB4CD52C16980200BCD34A /* MockData.swift */,
			);
			name = Utils;
			path = TechBlogNotifications/Utils;
			sourceTree = "<group>";
		};
		55AB4CDC2C16980300BCD34A /* View */ = {
			isa = PBXGroup;
			children = (
				55AB4CD82C16980300BCD34A /* MainView.swift */,
				55AB4CD72C16980300BCD34A /* BookmarkView.swift */,
				55AB4CD92C16980300BCD34A /* PostRowView.swift */,
				55AB4CDA2C16980300BCD34A /* SettingView.swift */,
				55AB4CDB2C16980300BCD34A /* WebView.swift */,
			);
			name = View;
			path = TechBlogNotifications/View;
			sourceTree = "<group>";
		};
		55AB4CDE2C16980300BCD34A /* Model */ = {
			isa = PBXGroup;
			children = (
				55AB4CDD2C16980300BCD34A /* Post.swift */,
			);
			name = Model;
			path = TechBlogNotifications/Model;
			sourceTree = "<group>";
		};
		55AB4CE12C16980300BCD34A /* Domain */ = {
			isa = PBXGroup;
			children = (
				55AB4CE02C16980300BCD34A /* Date+.swift */,
			);
			name = Domain;
			path = TechBlogNotifications/Domain;
			sourceTree = "<group>";
		};
		55AB4CE32C16980300BCD34A /* Preview Content */ = {
			isa = PBXGroup;
			children = (
				55AB4CE22C16980300BCD34A /* Preview Assets.xcassets */,
			);
			name = "Preview Content";
			path = "TechBlogNotifications/Preview Content";
			sourceTree = "<group>";
		};
/* End PBXGroup section */

/* Begin PBXNativeTarget section */
		55AB4CBF2C1697B100BCD34A /* TechBlogNotifications */ = {
			isa = PBXNativeTarget;
			buildConfigurationList = 55AB4CCF2C1697B200BCD34A /* Build configuration list for PBXNativeTarget "TechBlogNotifications" */;
			buildPhases = (
				55AB4CBC2C1697B100BCD34A /* Sources */,
				55AB4CBD2C1697B100BCD34A /* Frameworks */,
				55AB4CBE2C1697B100BCD34A /* Resources */,
				55D16B332C2DADA70084887B /* Run Script */,
			);
			buildRules = (
			);
			dependencies = (
				55A12B962C2DA8B200C01A6E /* PBXTargetDependency */,
			);
			name = TechBlogNotifications;
			productName = TechBlogNotifications;
			productReference = 55AB4CC02C1697B100BCD34A /* TechBlogNotifications.app */;
			productType = "com.apple.product-type.application";
		};
/* End PBXNativeTarget section */

/* Begin PBXProject section */
		55AB4CB82C1697B100BCD34A /* Project object */ = {
			isa = PBXProject;
			attributes = {
				BuildIndependentTargetsInParallel = 1;
				LastSwiftUpdateCheck = 1540;
				LastUpgradeCheck = 1540;
				TargetAttributes = {
					55AB4CBF2C1697B100BCD34A = {
						CreatedOnToolsVersion = 15.4;
					};
				};
			};
			buildConfigurationList = 55AB4CBB2C1697B100BCD34A /* Build configuration list for PBXProject "TechBlogNotifications" */;
			compatibilityVersion = "Xcode 14.0";
			developmentRegion = en;
			hasScannedForEncodings = 0;
			knownRegions = (
				en,
				Base,
			);
			mainGroup = 55AB4CB72C1697B100BCD34A;
			packageReferences = (
				55A12B942C2DA6C700C01A6E /* XCRemoteSwiftPackageReference "SwiftLintPlugin" */,
			);
			productRefGroup = 55AB4CC12C1697B100BCD34A /* Products */;
			projectDirPath = "";
			projectRoot = "";
			targets = (
				55AB4CBF2C1697B100BCD34A /* TechBlogNotifications */,
			);
		};
/* End PBXProject section */

/* Begin PBXResourcesBuildPhase section */
		55AB4CBE2C1697B100BCD34A /* Resources */ = {
			isa = PBXResourcesBuildPhase;
			buildActionMask = 2147483647;
			files = (
				55A12B982C2DAAE200C01A6E /* .swiftlint.yml in Resources */,
				55AB4CEF2C16980300BCD34A /* Preview Assets.xcassets in Resources */,
				55AB4CCC2C1697B200BCD34A /* Preview Assets.xcassets in Resources */,
				55AB4CED2C16980300BCD34A /* Assets.xcassets in Resources */,
				55AB4CC82C1697B200BCD34A /* Assets.xcassets in Resources */,
			);
			runOnlyForDeploymentPostprocessing = 0;
		};
/* End PBXResourcesBuildPhase section */

/* Begin PBXShellScriptBuildPhase section */
		55D16B332C2DADA70084887B /* Run Script */ = {
			isa = PBXShellScriptBuildPhase;
			buildActionMask = 2147483647;
			files = (
			);
			inputFileListPaths = (
			);
			inputPaths = (
			);
			name = "Run Script";
			outputFileListPaths = (
			);
			outputPaths = (
			);
			runOnlyForDeploymentPostprocessing = 0;
			shellPath = /bin/sh;
			shellScript = "# Type a script or drag a script file from your workspace to insert its path.\nif [[ \"$(dgh06175 -m)\" == arm64 ]]; then\n    export PATH=\"/opt/homebrew/bin:$PATH\"\nfi\n\nif which swiftlint > /dev/null; then\n  swiftlint\nelse\n  echo \"warning: SwiftLint not installed, download from https://github.com/realm/SwiftLint\"\nfi\n";
		};
/* End PBXShellScriptBuildPhase section */

/* Begin PBXSourcesBuildPhase section */
		55AB4CBC2C1697B100BCD34A /* Sources */ = {
			isa = PBXSourcesBuildPhase;
			buildActionMask = 2147483647;
			files = (
				55AB4CE72C16980300BCD34A /* BookmarkView.swift in Sources */,
				55AB4CEC2C16980300BCD34A /* Post.swift in Sources */,
				55AB4CEB2C16980300BCD34A /* WebView.swift in Sources */,
				55AB4CEE2C16980300BCD34A /* Date+.swift in Sources */,
				55AB4CE82C16980300BCD34A /* MainView.swift in Sources */,
				55AB4CEA2C16980300BCD34A /* SettingView.swift in Sources */,
				55AB4CC42C1697B100BCD34A /* TechBlogNotificationsApp.swift in Sources */,
				55AB4CE42C16980300BCD34A /* PostManager.swift in Sources */,
				55AB4CE92C16980300BCD34A /* PostRowView.swift in Sources */,
				55AB4CE52C16980300BCD34A /* Constants.swift in Sources */,
				55AB4CE62C16980300BCD34A /* MockData.swift in Sources */,
			);
			runOnlyForDeploymentPostprocessing = 0;
		};
/* End PBXSourcesBuildPhase section */

/* Begin PBXTargetDependency section */
		55A12B962C2DA8B200C01A6E /* PBXTargetDependency */ = {
			isa = PBXTargetDependency;
			productRef = 55A12B952C2DA8B200C01A6E /* SwiftLintBuildTool */;
		};
/* End PBXTargetDependency section */

/* Begin XCBuildConfiguration section */
		55AB4CCD2C1697B200BCD34A /* Debug */ = {
			isa = XCBuildConfiguration;
			buildSettings = {
				ALWAYS_SEARCH_USER_PATHS = NO;
				ASSETCATALOG_COMPILER_GENERATE_SWIFT_ASSET_SYMBOL_EXTENSIONS = YES;
				CLANG_ANALYZER_NONNULL = YES;
				CLANG_ANALYZER_NUMBER_OBJECT_CONVERSION = YES_AGGRESSIVE;
				CLANG_CXX_LANGUAGE_STANDARD = "gnu++20";
				CLANG_ENABLE_MODULES = YES;
				CLANG_ENABLE_OBJC_ARC = YES;
				CLANG_ENABLE_OBJC_WEAK = YES;
				CLANG_WARN_BLOCK_CAPTURE_AUTORELEASING = YES;
				CLANG_WARN_BOOL_CONVERSION = YES;
				CLANG_WARN_COMMA = YES;
				CLANG_WARN_CONSTANT_CONVERSION = YES;
				CLANG_WARN_DEPRECATED_OBJC_IMPLEMENTATIONS = YES;
				CLANG_WARN_DIRECT_OBJC_ISA_USAGE = YES_ERROR;
				CLANG_WARN_DOCUMENTATION_COMMENTS = YES;
				CLANG_WARN_EMPTY_BODY = YES;
				CLANG_WARN_ENUM_CONVERSION = YES;
				CLANG_WARN_INFINITE_RECURSION = YES;
				CLANG_WARN_INT_CONVERSION = YES;
				CLANG_WARN_NON_LITERAL_NULL_CONVERSION = YES;
				CLANG_WARN_OBJC_IMPLICIT_RETAIN_SELF = YES;
				CLANG_WARN_OBJC_LITERAL_CONVERSION = YES;
				CLANG_WARN_OBJC_ROOT_CLASS = YES_ERROR;
				CLANG_WARN_QUOTED_INCLUDE_IN_FRAMEWORK_HEADER = YES;
				CLANG_WARN_RANGE_LOOP_ANALYSIS = YES;
				CLANG_WARN_STRICT_PROTOTYPES = YES;
				CLANG_WARN_SUSPICIOUS_MOVE = YES;
				CLANG_WARN_UNGUARDED_AVAILABILITY = YES_AGGRESSIVE;
				CLANG_WARN_UNREACHABLE_CODE = YES;
				CLANG_WARN__DUPLICATE_METHOD_MATCH = YES;
				COPY_PHASE_STRIP = NO;
				DEBUG_INFORMATION_FORMAT = dwarf;
				ENABLE_STRICT_OBJC_MSGSEND = YES;
				ENABLE_TESTABILITY = YES;
				ENABLE_USER_SCRIPT_SANDBOXING = YES;
				GCC_C_LANGUAGE_STANDARD = gnu17;
				GCC_DYNAMIC_NO_PIC = NO;
				GCC_NO_COMMON_BLOCKS = YES;
				GCC_OPTIMIZATION_LEVEL = 0;
				GCC_PREPROCESSOR_DEFINITIONS = (
					"DEBUG=1",
					"$(inherited)",
				);
				GCC_WARN_64_TO_32_BIT_CONVERSION = YES;
				GCC_WARN_ABOUT_RETURN_TYPE = YES_ERROR;
				GCC_WARN_UNDECLARED_SELECTOR = YES;
				GCC_WARN_UNINITIALIZED_AUTOS = YES_AGGRESSIVE;
				GCC_WARN_UNUSED_FUNCTION = YES;
				GCC_WARN_UNUSED_VARIABLE = YES;
				LOCALIZATION_PREFERS_STRING_CATALOGS = YES;
				MTL_ENABLE_DEBUG_INFO = INCLUDE_SOURCE;
				MTL_FAST_MATH = YES;
				ONLY_ACTIVE_ARCH = YES;
				SWIFT_ACTIVE_COMPILATION_CONDITIONS = "DEBUG $(inherited)";
				SWIFT_OPTIMIZATION_LEVEL = "-Onone";
			};
			name = Debug;
		};
		55AB4CCE2C1697B200BCD34A /* Release */ = {
			isa = XCBuildConfiguration;
			buildSettings = {
				ALWAYS_SEARCH_USER_PATHS = NO;
				ASSETCATALOG_COMPILER_GENERATE_SWIFT_ASSET_SYMBOL_EXTENSIONS = YES;
				CLANG_ANALYZER_NONNULL = YES;
				CLANG_ANALYZER_NUMBER_OBJECT_CONVERSION = YES_AGGRESSIVE;
				CLANG_CXX_LANGUAGE_STANDARD = "gnu++20";
				CLANG_ENABLE_MODULES = YES;
				CLANG_ENABLE_OBJC_ARC = YES;
				CLANG_ENABLE_OBJC_WEAK = YES;
				CLANG_WARN_BLOCK_CAPTURE_AUTORELEASING = YES;
				CLANG_WARN_BOOL_CONVERSION = YES;
				CLANG_WARN_COMMA = YES;
				CLANG_WARN_CONSTANT_CONVERSION = YES;
				CLANG_WARN_DEPRECATED_OBJC_IMPLEMENTATIONS = YES;
				CLANG_WARN_DIRECT_OBJC_ISA_USAGE = YES_ERROR;
				CLANG_WARN_DOCUMENTATION_COMMENTS = YES;
				CLANG_WARN_EMPTY_BODY = YES;
				CLANG_WARN_ENUM_CONVERSION = YES;
				CLANG_WARN_INFINITE_RECURSION = YES;
				CLANG_WARN_INT_CONVERSION = YES;
				CLANG_WARN_NON_LITERAL_NULL_CONVERSION = YES;
				CLANG_WARN_OBJC_IMPLICIT_RETAIN_SELF = YES;
				CLANG_WARN_OBJC_LITERAL_CONVERSION = YES;
				CLANG_WARN_OBJC_ROOT_CLASS = YES_ERROR;
				CLANG_WARN_QUOTED_INCLUDE_IN_FRAMEWORK_HEADER = YES;
				CLANG_WARN_RANGE_LOOP_ANALYSIS = YES;
				CLANG_WARN_STRICT_PROTOTYPES = YES;
				CLANG_WARN_SUSPICIOUS_MOVE = YES;
				CLANG_WARN_UNGUARDED_AVAILABILITY = YES_AGGRESSIVE;
				CLANG_WARN_UNREACHABLE_CODE = YES;
				CLANG_WARN__DUPLICATE_METHOD_MATCH = YES;
				COPY_PHASE_STRIP = NO;
				DEBUG_INFORMATION_FORMAT = "dwarf-with-dsym";
				ENABLE_NS_ASSERTIONS = NO;
				ENABLE_STRICT_OBJC_MSGSEND = YES;
				ENABLE_USER_SCRIPT_SANDBOXING = YES;
				GCC_C_LANGUAGE_STANDARD = gnu17;
				GCC_NO_COMMON_BLOCKS = YES;
				GCC_WARN_64_TO_32_BIT_CONVERSION = YES;
				GCC_WARN_ABOUT_RETURN_TYPE = YES_ERROR;
				GCC_WARN_UNDECLARED_SELECTOR = YES;
				GCC_WARN_UNINITIALIZED_AUTOS = YES_AGGRESSIVE;
				GCC_WARN_UNUSED_FUNCTION = YES;
				GCC_WARN_UNUSED_VARIABLE = YES;
				LOCALIZATION_PREFERS_STRING_CATALOGS = YES;
				MTL_ENABLE_DEBUG_INFO = NO;
				MTL_FAST_MATH = YES;
				SWIFT_COMPILATION_MODE = wholemodule;
			};
			name = Release;
		};
		55AB4CD02C1697B200BCD34A /* Debug */ = {
			isa = XCBuildConfiguration;
			buildSettings = {
				ASSETCATALOG_COMPILER_APPICON_NAME = AppIcon;
				ASSETCATALOG_COMPILER_GLOBAL_ACCENT_COLOR_NAME = AccentColor;
				CODE_SIGN_ENTITLEMENTS = TechBlogNotifications/TechBlogNotifications.entitlements;
				CODE_SIGN_STYLE = Automatic;
				CURRENT_PROJECT_VERSION = 1;
				DEVELOPMENT_ASSET_PATHS = "\"TechBlogNotifications/Preview Content\"";
				DEVELOPMENT_TEAM = 7V4779Q2XR;
				ENABLE_HARDENED_RUNTIME = YES;
				ENABLE_PREVIEWS = YES;
				GENERATE_INFOPLIST_FILE = YES;
				INFOPLIST_KEY_LSApplicationCategoryType = "public.app-category.magazines-and-newspapers";
				"INFOPLIST_KEY_UIApplicationSceneManifest_Generation[sdk=iphoneos*]" = YES;
				"INFOPLIST_KEY_UIApplicationSceneManifest_Generation[sdk=iphonesimulator*]" = YES;
				"INFOPLIST_KEY_UIApplicationSupportsIndirectInputEvents[sdk=iphoneos*]" = YES;
				"INFOPLIST_KEY_UIApplicationSupportsIndirectInputEvents[sdk=iphonesimulator*]" = YES;
				"INFOPLIST_KEY_UILaunchScreen_Generation[sdk=iphoneos*]" = YES;
				"INFOPLIST_KEY_UILaunchScreen_Generation[sdk=iphonesimulator*]" = YES;
				"INFOPLIST_KEY_UIStatusBarStyle[sdk=iphoneos*]" = UIStatusBarStyleDefault;
				"INFOPLIST_KEY_UIStatusBarStyle[sdk=iphonesimulator*]" = UIStatusBarStyleDefault;
				INFOPLIST_KEY_UISupportedInterfaceOrientations_iPad = "UIInterfaceOrientationPortrait UIInterfaceOrientationPortraitUpsideDown UIInterfaceOrientationLandscapeLeft UIInterfaceOrientationLandscapeRight";
				INFOPLIST_KEY_UISupportedInterfaceOrientations_iPhone = "UIInterfaceOrientationPortrait UIInterfaceOrientationLandscapeLeft UIInterfaceOrientationLandscapeRight";
				IPHONEOS_DEPLOYMENT_TARGET = 17.5;
				LD_RUNPATH_SEARCH_PATHS = "@executable_path/Frameworks";
				"LD_RUNPATH_SEARCH_PATHS[sdk=macosx*]" = "@executable_path/../Frameworks";
				MACOSX_DEPLOYMENT_TARGET = 14.5;
				MARKETING_VERSION = 1.0;
				PRODUCT_BUNDLE_IDENTIFIER = dgh06175.TechBlogNotifications;
				PRODUCT_NAME = "$(TARGET_NAME)";
				SDKROOT = auto;
				SUPPORTED_PLATFORMS = "iphoneos iphonesimulator";
				SUPPORTS_MACCATALYST = NO;
				SWIFT_EMIT_LOC_STRINGS = YES;
				SWIFT_VERSION = 5.0;
				TARGETED_DEVICE_FAMILY = "1,2";
			};
			name = Debug;
		};
		55AB4CD12C1697B200BCD34A /* Release */ = {
			isa = XCBuildConfiguration;
			buildSettings = {
				ASSETCATALOG_COMPILER_APPICON_NAME = AppIcon;
				ASSETCATALOG_COMPILER_GLOBAL_ACCENT_COLOR_NAME = AccentColor;
				CODE_SIGN_ENTITLEMENTS = TechBlogNotifications/TechBlogNotifications.entitlements;
				CODE_SIGN_STYLE = Automatic;
				CURRENT_PROJECT_VERSION = 1;
				DEVELOPMENT_ASSET_PATHS = "\"TechBlogNotifications/Preview Content\"";
				DEVELOPMENT_TEAM = 7V4779Q2XR;
				ENABLE_HARDENED_RUNTIME = YES;
				ENABLE_PREVIEWS = YES;
				GENERATE_INFOPLIST_FILE = YES;
				INFOPLIST_KEY_LSApplicationCategoryType = "public.app-category.magazines-and-newspapers";
				"INFOPLIST_KEY_UIApplicationSceneManifest_Generation[sdk=iphoneos*]" = YES;
				"INFOPLIST_KEY_UIApplicationSceneManifest_Generation[sdk=iphonesimulator*]" = YES;
				"INFOPLIST_KEY_UIApplicationSupportsIndirectInputEvents[sdk=iphoneos*]" = YES;
				"INFOPLIST_KEY_UIApplicationSupportsIndirectInputEvents[sdk=iphonesimulator*]" = YES;
				"INFOPLIST_KEY_UILaunchScreen_Generation[sdk=iphoneos*]" = YES;
				"INFOPLIST_KEY_UILaunchScreen_Generation[sdk=iphonesimulator*]" = YES;
				"INFOPLIST_KEY_UIStatusBarStyle[sdk=iphoneos*]" = UIStatusBarStyleDefault;
				"INFOPLIST_KEY_UIStatusBarStyle[sdk=iphonesimulator*]" = UIStatusBarStyleDefault;
				INFOPLIST_KEY_UISupportedInterfaceOrientations_iPad = "UIInterfaceOrientationPortrait UIInterfaceOrientationPortraitUpsideDown UIInterfaceOrientationLandscapeLeft UIInterfaceOrientationLandscapeRight";
				INFOPLIST_KEY_UISupportedInterfaceOrientations_iPhone = "UIInterfaceOrientationPortrait UIInterfaceOrientationLandscapeLeft UIInterfaceOrientationLandscapeRight";
				IPHONEOS_DEPLOYMENT_TARGET = 17.5;
				LD_RUNPATH_SEARCH_PATHS = "@executable_path/Frameworks";
				"LD_RUNPATH_SEARCH_PATHS[sdk=macosx*]" = "@executable_path/../Frameworks";
				MACOSX_DEPLOYMENT_TARGET = 14.5;
				MARKETING_VERSION = 1.0;
				PRODUCT_BUNDLE_IDENTIFIER = dgh06175.TechBlogNotifications;
				PRODUCT_NAME = "$(TARGET_NAME)";
				SDKROOT = auto;
				SUPPORTED_PLATFORMS = "iphoneos iphonesimulator";
				SUPPORTS_MACCATALYST = NO;
				SWIFT_EMIT_LOC_STRINGS = YES;
				SWIFT_VERSION = 5.0;
				TARGETED_DEVICE_FAMILY = "1,2";
			};
			name = Release;
		};
/* End XCBuildConfiguration section */

/* Begin XCConfigurationList section */
		55AB4CBB2C1697B100BCD34A /* Build configuration list for PBXProject "TechBlogNotifications" */ = {
			isa = XCConfigurationList;
			buildConfigurations = (
				55AB4CCD2C1697B200BCD34A /* Debug */,
				55AB4CCE2C1697B200BCD34A /* Release */,
			);
			defaultConfigurationIsVisible = 0;
			defaultConfigurationName = Release;
		};
		55AB4CCF2C1697B200BCD34A /* Build configuration list for PBXNativeTarget "TechBlogNotifications" */ = {
			isa = XCConfigurationList;
			buildConfigurations = (
				55AB4CD02C1697B200BCD34A /* Debug */,
				55AB4CD12C1697B200BCD34A /* Release */,
			);
			defaultConfigurationIsVisible = 0;
			defaultConfigurationName = Release;
		};
/* End XCConfigurationList section */

/* Begin XCRemoteSwiftPackageReference section */
		55A12B942C2DA6C700C01A6E /* XCRemoteSwiftPackageReference "SwiftLintPlugin" */ = {
			isa = XCRemoteSwiftPackageReference;
			repositoryURL = "https://github.com/GayleDunham/SwiftLintPlugin.git";
			requirement = {
				kind = upToNextMajorVersion;
				minimumVersion = 1.0.3;
			};
		};
/* End XCRemoteSwiftPackageReference section */

/* Begin XCSwiftPackageProductDependency section */
		55A12B952C2DA8B200C01A6E /* SwiftLintBuildTool */ = {
			isa = XCSwiftPackageProductDependency;
			package = 55A12B942C2DA6C700C01A6E /* XCRemoteSwiftPackageReference "SwiftLintPlugin" */;
			productName = "plugin:SwiftLintBuildTool";
		};
/* End XCSwiftPackageProductDependency section */
	};
	rootObject = 55AB4CB82C1697B100BCD34A /* Project object */;
}
